
Microsoft Visual Studio Solution File, Format Version 12.00
# Visual Studio 15
VisualStudioVersion = 15.0.27703.2042
MinimumVisualStudioVersion = 10.0.40219.1
Project("{FAE04EC0-301F-11D3-BF4B-00C04F79EFBC}") = "Using_Emgu", "Using_Emgu\Using_Emgu.csproj", "{1401AC76-B7E4-4404-A677-D79FDDFFFCE0}"
EndProject
Global
	GlobalSection(SolutionConfigurationPlatforms) = preSolution
		Debug|Any CPU = Debug|Any CPU
		Release|Any CPU = Release|Any CPU
	EndGlobalSection
	GlobalSection(ProjectConfigurationPlatforms) = postSolution
		{1401AC76-B7E4-4404-A677-D79FDDFFFCE0}.Debug|Any CPU.ActiveCfg = Debug|Any CPU
		{1401AC76-B7E4-4404-A677-D79FDDFFFCE0}.Debug|Any CPU.Build.0 = Debug|Any CPU
		{1401AC76-B7E4-4404-A677-D79FDDFFFCE0}.Release|Any CPU.ActiveCfg = Release|Any CPU
		{1401AC76-B7E4-4404-A677-D79FDDFFFCE0}.Release|Any CPU.Build.0 = Release|Any CPU
	EndGlobalSection
	GlobalSection(SolutionProperties) = preSolution
		HideSolutionNode = FALSE
	EndGlobalSection
	GlobalSection(ExtensibilityGlobals) = postSolution
		SolutionGuid = {1B152DCC-6FCA-4D64-B7EC-D630930BF0F5}
	EndGlobalSection
EndGlobal
