
Microsoft Visual Studio Solution File, Format Version 12.00
# Visual Studio 15
VisualStudioVersion = 15.0.27703.2042
MinimumVisualStudioVersion = 10.0.40219.1
Project("{FAE04EC0-301F-11D3-BF4B-00C04F79EFBC}") = "Emgu_Forms", "Emgu_Forms\Emgu_Forms.csproj", "{40800F26-73F9-472B-B2C8-2BF61597CAF2}"
EndProject
Global
	GlobalSection(SolutionConfigurationPlatforms) = preSolution
		Debug|Any CPU = Debug|Any CPU
		Release|Any CPU = Release|Any CPU
	EndGlobalSection
	GlobalSection(ProjectConfigurationPlatforms) = postSolution
		{40800F26-73F9-472B-B2C8-2BF61597CAF2}.Debug|Any CPU.ActiveCfg = Debug|Any CPU
		{40800F26-73F9-472B-B2C8-2BF61597CAF2}.Debug|Any CPU.Build.0 = Debug|Any CPU
		{40800F26-73F9-472B-B2C8-2BF61597CAF2}.Release|Any CPU.ActiveCfg = Release|Any CPU
		{40800F26-73F9-472B-B2C8-2BF61597CAF2}.Release|Any CPU.Build.0 = Release|Any CPU
	EndGlobalSection
	GlobalSection(SolutionProperties) = preSolution
		HideSolutionNode = FALSE
	EndGlobalSection
	GlobalSection(ExtensibilityGlobals) = postSolution
		SolutionGuid = {A4B7C33D-E679-40F9-97E7-65708782C85A}
	EndGlobalSection
EndGlobal
