
Microsoft Visual Studio Solution File, Format Version 12.00
# Visual Studio 15
VisualStudioVersion = 15.0.27703.2035
MinimumVisualStudioVersion = 10.0.40219.1
Project("{FAE04EC0-301F-11D3-BF4B-00C04F79EFBC}") = "Student Manager OOP", "Student Manager OOP\Student Manager OOP.csproj", "{36F89F6A-C072-47DC-8019-9C5556DE0E4F}"
EndProject
Global
	GlobalSection(SolutionConfigurationPlatforms) = preSolution
		Debug|Any CPU = Debug|Any CPU
		Release|Any CPU = Release|Any CPU
	EndGlobalSection
	GlobalSection(ProjectConfigurationPlatforms) = postSolution
		{36F89F6A-C072-47DC-8019-9C5556DE0E4F}.Debug|Any CPU.ActiveCfg = Debug|Any CPU
		{36F89F6A-C072-47DC-8019-9C5556DE0E4F}.Debug|Any CPU.Build.0 = Debug|Any CPU
		{36F89F6A-C072-47DC-8019-9C5556DE0E4F}.Release|Any CPU.ActiveCfg = Release|Any CPU
		{36F89F6A-C072-47DC-8019-9C5556DE0E4F}.Release|Any CPU.Build.0 = Release|Any CPU
	EndGlobalSection
	GlobalSection(SolutionProperties) = preSolution
		HideSolutionNode = FALSE
	EndGlobalSection
	GlobalSection(ExtensibilityGlobals) = postSolution
		SolutionGuid = {BC61D404-701B-4A62-AC6A-3F1139FB07C6}
	EndGlobalSection
EndGlobal
