
Microsoft Visual Studio Solution File, Format Version 12.00
# Visual Studio 15
VisualStudioVersion = 15.0.27703.2035
MinimumVisualStudioVersion = 10.0.40219.1
Project("{FAE04EC0-301F-11D3-BF4B-00C04F79EFBC}") = "try_conour_example_2", "try_conour_example_2\try_conour_example_2.csproj", "{27D0D8A0-4367-45B4-8E92-567940945955}"
EndProject
Global
	GlobalSection(SolutionConfigurationPlatforms) = preSolution
		Debug|Any CPU = Debug|Any CPU
		Release|Any CPU = Release|Any CPU
	EndGlobalSection
	GlobalSection(ProjectConfigurationPlatforms) = postSolution
		{27D0D8A0-4367-45B4-8E92-567940945955}.Debug|Any CPU.ActiveCfg = Debug|Any CPU
		{27D0D8A0-4367-45B4-8E92-567940945955}.Debug|Any CPU.Build.0 = Debug|Any CPU
		{27D0D8A0-4367-45B4-8E92-567940945955}.Release|Any CPU.ActiveCfg = Release|Any CPU
		{27D0D8A0-4367-45B4-8E92-567940945955}.Release|Any CPU.Build.0 = Release|Any CPU
	EndGlobalSection
	GlobalSection(SolutionProperties) = preSolution
		HideSolutionNode = FALSE
	EndGlobalSection
	GlobalSection(ExtensibilityGlobals) = postSolution
		SolutionGuid = {28D11C30-A0AC-4071-A335-024FABEADB31}
	EndGlobalSection
EndGlobal
