
Microsoft Visual Studio Solution File, Format Version 12.00
# Visual Studio 15
VisualStudioVersion = 15.0.27703.2035
MinimumVisualStudioVersion = 10.0.40219.1
Project("{FAE04EC0-301F-11D3-BF4B-00C04F79EFBC}") = "try_geometry3Sharp", "try_geometry3Sharp\try_geometry3Sharp.csproj", "{A635D3D1-4889-4725-AE8A-BAE7647235CD}"
EndProject
Global
	GlobalSection(SolutionConfigurationPlatforms) = preSolution
		Debug|Any CPU = Debug|Any CPU
		Release|Any CPU = Release|Any CPU
	EndGlobalSection
	GlobalSection(ProjectConfigurationPlatforms) = postSolution
		{A635D3D1-4889-4725-AE8A-BAE7647235CD}.Debug|Any CPU.ActiveCfg = Debug|Any CPU
		{A635D3D1-4889-4725-AE8A-BAE7647235CD}.Debug|Any CPU.Build.0 = Debug|Any CPU
		{A635D3D1-4889-4725-AE8A-BAE7647235CD}.Release|Any CPU.ActiveCfg = Release|Any CPU
		{A635D3D1-4889-4725-AE8A-BAE7647235CD}.Release|Any CPU.Build.0 = Release|Any CPU
	EndGlobalSection
	GlobalSection(SolutionProperties) = preSolution
		HideSolutionNode = FALSE
	EndGlobalSection
	GlobalSection(ExtensibilityGlobals) = postSolution
		SolutionGuid = {0F879649-8369-4320-8263-FD564E39001E}
	EndGlobalSection
EndGlobal
