
Microsoft Visual Studio Solution File, Format Version 12.00
# Visual Studio 15
VisualStudioVersion = 15.0.27703.2035
MinimumVisualStudioVersion = 10.0.40219.1
Project("{FAE04EC0-301F-11D3-BF4B-00C04F79EFBC}") = "Student Manager", "Student Manager\Student Manager.csproj", "{E517A3E4-C10B-4BCF-A36F-F84522E17476}"
EndProject
Global
	GlobalSection(SolutionConfigurationPlatforms) = preSolution
		Debug|Any CPU = Debug|Any CPU
		Release|Any CPU = Release|Any CPU
	EndGlobalSection
	GlobalSection(ProjectConfigurationPlatforms) = postSolution
		{E517A3E4-C10B-4BCF-A36F-F84522E17476}.Debug|Any CPU.ActiveCfg = Debug|Any CPU
		{E517A3E4-C10B-4BCF-A36F-F84522E17476}.Debug|Any CPU.Build.0 = Debug|Any CPU
		{E517A3E4-C10B-4BCF-A36F-F84522E17476}.Release|Any CPU.ActiveCfg = Release|Any CPU
		{E517A3E4-C10B-4BCF-A36F-F84522E17476}.Release|Any CPU.Build.0 = Release|Any CPU
	EndGlobalSection
	GlobalSection(SolutionProperties) = preSolution
		HideSolutionNode = FALSE
	EndGlobalSection
	GlobalSection(ExtensibilityGlobals) = postSolution
		SolutionGuid = {2EF1F2B6-8603-4C16-AA51-B2F9D2317E26}
	EndGlobalSection
EndGlobal
