
Microsoft Visual Studio Solution File, Format Version 12.00
# Visual Studio 15
VisualStudioVersion = 15.0.27703.2035
MinimumVisualStudioVersion = 10.0.40219.1
Project("{FAE04EC0-301F-11D3-BF4B-00C04F79EFBC}") = "display3D_STL", "display3D_STL\display3D_STL.csproj", "{D88F98B6-139A-41E7-BF8D-DB2A49BEBCA1}"
EndProject
Global
	GlobalSection(SolutionConfigurationPlatforms) = preSolution
		Debug|Any CPU = Debug|Any CPU
		Release|Any CPU = Release|Any CPU
	EndGlobalSection
	GlobalSection(ProjectConfigurationPlatforms) = postSolution
		{D88F98B6-139A-41E7-BF8D-DB2A49BEBCA1}.Debug|Any CPU.ActiveCfg = Debug|Any CPU
		{D88F98B6-139A-41E7-BF8D-DB2A49BEBCA1}.Debug|Any CPU.Build.0 = Debug|Any CPU
		{D88F98B6-139A-41E7-BF8D-DB2A49BEBCA1}.Release|Any CPU.ActiveCfg = Release|Any CPU
		{D88F98B6-139A-41E7-BF8D-DB2A49BEBCA1}.Release|Any CPU.Build.0 = Release|Any CPU
	EndGlobalSection
	GlobalSection(SolutionProperties) = preSolution
		HideSolutionNode = FALSE
	EndGlobalSection
	GlobalSection(ExtensibilityGlobals) = postSolution
		SolutionGuid = {D5FC27FB-2595-49C1-AE9C-BBD973208BDB}
	EndGlobalSection
EndGlobal
